
Microsoft Visual Studio Solution File, Format Version 12.00
# Visual Studio Version 17
VisualStudioVersion = 17.2.32602.215
MinimumVisualStudioVersion = 10.0.40219.1
Project("{FAE04EC0-301F-11D3-BF4B-00C04F79EFBC}") = "Server", "Server\Server.csproj", "{AB8B45A8-0CF4-42DC-B6BF-1AFDE7D2ED4A}"
EndProject
Global
	GlobalSection(SolutionConfigurationPlatforms) = preSolution
		Debug|Any CPU = Debug|Any CPU
		Release|Any CPU = Release|Any CPU
	EndGlobalSection
	GlobalSection(ProjectConfigurationPlatforms) = postSolution
		{AB8B45A8-0CF4-42DC-B6BF-1AFDE7D2ED4A}.Debug|Any CPU.ActiveCfg = Debug|Any CPU
		{AB8B45A8-0CF4-42DC-B6BF-1AFDE7D2ED4A}.Debug|Any CPU.Build.0 = Debug|Any CPU
		{AB8B45A8-0CF4-42DC-B6BF-1AFDE7D2ED4A}.Release|Any CPU.ActiveCfg = Release|Any CPU
		{AB8B45A8-0CF4-42DC-B6BF-1AFDE7D2ED4A}.Release|Any CPU.Build.0 = Release|Any CPU
	EndGlobalSection
	GlobalSection(SolutionProperties) = preSolution
		HideSolutionNode = FALSE
	EndGlobalSection
	GlobalSection(ExtensibilityGlobals) = postSolution
		SolutionGuid = {5A300E6D-5C42-40DA-8EB7-D2BF5054C2D9}
	EndGlobalSection
EndGlobal
